
Microsoft Visual Studio Solution File, Format Version 12.00
# Visual Studio Version 17
VisualStudioVersion = 17.4.33213.308
MinimumVisualStudioVersion = 10.0.40219.1
Project("{9A19103F-16F7-4668-BE54-9A1E7A4F7556}") = "ToolsApp.Core", "ToolsApp.Core\ToolsApp.Core.csproj", "{72D9367E-4D3F-4273-8AE1-1ACAB8AA823A}"
EndProject
Project("{9A19103F-16F7-4668-BE54-9A1E7A4F7556}") = "ToolsApp.Models", "ToolsApp.Models\ToolsApp.Models.csproj", "{88396AF3-8FD2-4996-B49B-8D517167359B}"
EndProject
Project("{9A19103F-16F7-4668-BE54-9A1E7A4F7556}") = "ToolsApp.Data", "ToolsApp.Data\ToolsApp.Data.csproj", "{1AB5FBEC-333E-4DCD-808B-6811AE241AD3}"
EndProject
Project("{9A19103F-16F7-4668-BE54-9A1E7A4F7556}") = "ToolsApp.Components", "ToolsApp.Components\ToolsApp.Components.csproj", "{5CF26A65-7D4F-4685-BACC-E1FB8DF758D1}"
	ProjectSection(ProjectDependencies) = postProject
		{72D9367E-4D3F-4273-8AE1-1ACAB8AA823A} = {72D9367E-4D3F-4273-8AE1-1ACAB8AA823A}
		{88396AF3-8FD2-4996-B49B-8D517167359B} = {88396AF3-8FD2-4996-B49B-8D517167359B}
	EndProjectSection
EndProject
Project("{9A19103F-16F7-4668-BE54-9A1E7A4F7556}") = "ToolsApp.Web", "ToolsApp.Web\ToolsApp.Web.csproj", "{6C63BDB4-9DAD-483C-BCA1-85E6B564B56F}"
	ProjectSection(ProjectDependencies) = postProject
		{1AB5FBEC-333E-4DCD-808B-6811AE241AD3} = {1AB5FBEC-333E-4DCD-808B-6811AE241AD3}
		{5CF26A65-7D4F-4685-BACC-E1FB8DF758D1} = {5CF26A65-7D4F-4685-BACC-E1FB8DF758D1}
		{72D9367E-4D3F-4273-8AE1-1ACAB8AA823A} = {72D9367E-4D3F-4273-8AE1-1ACAB8AA823A}
		{88396AF3-8FD2-4996-B49B-8D517167359B} = {88396AF3-8FD2-4996-B49B-8D517167359B}
	EndProjectSection
EndProject
Project("{2150E333-8FDC-42A3-9474-1A3956D46DE8}") = "Containerize", "Containerize", "{BF948327-90D4-437A-962E-4F8B4E468528}"
	ProjectSection(SolutionItems) = preProject
		Containerize\app.sql = Containerize\app.sql
		Containerize\docker-compose.yml = Containerize\docker-compose.yml
		Containerize\entrypoint.sh = Containerize\entrypoint.sh
		Containerize\init-data.sh = Containerize\init-data.sh
		Containerize\NOTES.md = Containerize\NOTES.md
		Containerize\SqlEdgeDockerfile = Containerize\SqlEdgeDockerfile
		Containerize\ToolsAppDockerfile = Containerize\ToolsAppDockerfile
	EndProjectSection
EndProject
Global
	GlobalSection(SolutionConfigurationPlatforms) = preSolution
		Debug|Any CPU = Debug|Any CPU
		Release|Any CPU = Release|Any CPU
	EndGlobalSection
	GlobalSection(ProjectConfigurationPlatforms) = postSolution
		{72D9367E-4D3F-4273-8AE1-1ACAB8AA823A}.Debug|Any CPU.ActiveCfg = Debug|Any CPU
		{72D9367E-4D3F-4273-8AE1-1ACAB8AA823A}.Debug|Any CPU.Build.0 = Debug|Any CPU
		{72D9367E-4D3F-4273-8AE1-1ACAB8AA823A}.Release|Any CPU.ActiveCfg = Release|Any CPU
		{72D9367E-4D3F-4273-8AE1-1ACAB8AA823A}.Release|Any CPU.Build.0 = Release|Any CPU
		{88396AF3-8FD2-4996-B49B-8D517167359B}.Debug|Any CPU.ActiveCfg = Debug|Any CPU
		{88396AF3-8FD2-4996-B49B-8D517167359B}.Debug|Any CPU.Build.0 = Debug|Any CPU
		{88396AF3-8FD2-4996-B49B-8D517167359B}.Release|Any CPU.ActiveCfg = Release|Any CPU
		{88396AF3-8FD2-4996-B49B-8D517167359B}.Release|Any CPU.Build.0 = Release|Any CPU
		{1AB5FBEC-333E-4DCD-808B-6811AE241AD3}.Debug|Any CPU.ActiveCfg = Debug|Any CPU
		{1AB5FBEC-333E-4DCD-808B-6811AE241AD3}.Debug|Any CPU.Build.0 = Debug|Any CPU
		{1AB5FBEC-333E-4DCD-808B-6811AE241AD3}.Release|Any CPU.ActiveCfg = Release|Any CPU
		{1AB5FBEC-333E-4DCD-808B-6811AE241AD3}.Release|Any CPU.Build.0 = Release|Any CPU
		{5CF26A65-7D4F-4685-BACC-E1FB8DF758D1}.Debug|Any CPU.ActiveCfg = Debug|Any CPU
		{5CF26A65-7D4F-4685-BACC-E1FB8DF758D1}.Debug|Any CPU.Build.0 = Debug|Any CPU
		{5CF26A65-7D4F-4685-BACC-E1FB8DF758D1}.Release|Any CPU.ActiveCfg = Release|Any CPU
		{5CF26A65-7D4F-4685-BACC-E1FB8DF758D1}.Release|Any CPU.Build.0 = Release|Any CPU
		{6C63BDB4-9DAD-483C-BCA1-85E6B564B56F}.Debug|Any CPU.ActiveCfg = Debug|Any CPU
		{6C63BDB4-9DAD-483C-BCA1-85E6B564B56F}.Debug|Any CPU.Build.0 = Debug|Any CPU
		{6C63BDB4-9DAD-483C-BCA1-85E6B564B56F}.Release|Any CPU.ActiveCfg = Release|Any CPU
		{6C63BDB4-9DAD-483C-BCA1-85E6B564B56F}.Release|Any CPU.Build.0 = Release|Any CPU
	EndGlobalSection
	GlobalSection(SolutionProperties) = preSolution
		HideSolutionNode = FALSE
	EndGlobalSection
	GlobalSection(ExtensibilityGlobals) = postSolution
		SolutionGuid = {6A5FC419-5697-4B87-80F3-9C45B3B66E48}
	EndGlobalSection
EndGlobal
